
Microsoft Visual Studio Solution File, Format Version 12.00
# Visual Studio Version 16
VisualStudioVersion = 16.0.30621.155
MinimumVisualStudioVersion = 10.0.40219.1
Project("{FAE04EC0-301F-11D3-BF4B-00C04F79EFBC}") = "MePostWebApp", "MePostWebApp.csproj", "{8759A611-5572-4C2D-857D-B2FA8EA1A13C}"
EndProject
Global
	GlobalSection(SolutionConfigurationPlatforms) = preSolution
		Debug|Any CPU = Debug|Any CPU
		Release|Any CPU = Release|Any CPU
	EndGlobalSection
	GlobalSection(ProjectConfigurationPlatforms) = postSolution
		{8759A611-5572-4C2D-857D-B2FA8EA1A13C}.Debug|Any CPU.ActiveCfg = Debug|Any CPU
		{8759A611-5572-4C2D-857D-B2FA8EA1A13C}.Debug|Any CPU.Build.0 = Debug|Any CPU
		{8759A611-5572-4C2D-857D-B2FA8EA1A13C}.Release|Any CPU.ActiveCfg = Release|Any CPU
		{8759A611-5572-4C2D-857D-B2FA8EA1A13C}.Release|Any CPU.Build.0 = Release|Any CPU
	EndGlobalSection
	GlobalSection(SolutionProperties) = preSolution
		HideSolutionNode = FALSE
	EndGlobalSection
	GlobalSection(ExtensibilityGlobals) = postSolution
		SolutionGuid = {DFCBF4DB-E780-4FDC-9AC0-34E808AEF3F4}
	EndGlobalSection
EndGlobal
